
Microsoft Visual Studio Solution File, Format Version 12.00
# Visual Studio Version 16
VisualStudioVersion = 16.0.30204.135
MinimumVisualStudioVersion = 10.0.40219.1
Project("{8BC9CEB8-8B4A-11D0-8D11-00A0C91BC942}") = "FractalCreator", "FractalCreator\FractalCreator.vcxproj", "{DA5DB62A-DC4C-45A7-97AE-5E821C0F203B}"
EndProject
Global
	GlobalSection(SolutionConfigurationPlatforms) = preSolution
		Debug|x64 = Debug|x64
		Debug|x86 = Debug|x86
		Release|x64 = Release|x64
		Release|x86 = Release|x86
	EndGlobalSection
	GlobalSection(ProjectConfigurationPlatforms) = postSolution
		{DA5DB62A-DC4C-45A7-97AE-5E821C0F203B}.Debug|x64.ActiveCfg = Debug|x64
		{DA5DB62A-DC4C-45A7-97AE-5E821C0F203B}.Debug|x64.Build.0 = Debug|x64
		{DA5DB62A-DC4C-45A7-97AE-5E821C0F203B}.Debug|x86.ActiveCfg = Debug|Win32
		{DA5DB62A-DC4C-45A7-97AE-5E821C0F203B}.Debug|x86.Build.0 = Debug|Win32
		{DA5DB62A-DC4C-45A7-97AE-5E821C0F203B}.Release|x64.ActiveCfg = Release|x64
		{DA5DB62A-DC4C-45A7-97AE-5E821C0F203B}.Release|x64.Build.0 = Release|x64
		{DA5DB62A-DC4C-45A7-97AE-5E821C0F203B}.Release|x86.ActiveCfg = Release|Win32
		{DA5DB62A-DC4C-45A7-97AE-5E821C0F203B}.Release|x86.Build.0 = Release|Win32
	EndGlobalSection
	GlobalSection(SolutionProperties) = preSolution
		HideSolutionNode = FALSE
	EndGlobalSection
	GlobalSection(ExtensibilityGlobals) = postSolution
		SolutionGuid = {5C807287-4899-48F2-AEFA-61E55CCCB193}
	EndGlobalSection
EndGlobal
